# This file is autogenerated, do not edit; changes may be undone by the next 'dep ensure'.


[[projects]]
  digest = "1:ec6f9bf5e274c833c911923c9193867f3f18788c461f76f05f62bb1510e0ae65"
  name = "github.com/go-sql-driver/mysql"
  packages = ["."]
  pruneopts = "UT"
  revision = "72cd26f257d44c1114970e19afddcd812016007e"
  version = "v1.4.1"

[[projects]]
  branch = "master"
  digest = "1:a1cd343d4035a63400aae83a6b4df72c9bf79dbbe754f9e29abfcf189496a8d1"
  name = "github.com/golang-collections/collections"
  packages = [
    "set",
    "stack",
  ]
  pruneopts = "UT"
  revision = "604e922904d35e97f98a774db7881f049cd8d970"

[[projects]]
  digest = "1:c25289f43ac4a68d88b02245742347c94f1e108c534dda442188015ff80669b3"
  name = "google.golang.org/appengine"
  packages = ["cloudsql"]
  pruneopts = "UT"
  revision = "b2f4a3cf3c67576a2ee09e1fe62656a5086ce880"
  version = "v1.6.1"

[[projects]]
  branch = "v1"
  digest = "1:824b0877b3066d5c91da2f4248cba2d78eeb7c37b5560e3cdbff5a73a5c85d9b"
  name = "gopkg.in/karalabe/cookiejar.v1"
  packages = ["collections/deque"]
  pruneopts = "UT"
  revision = "e1490cae028c5c8f19efeea5b11f5c4e3275ce05"

[[projects]]
  digest = "1:4d2e5a73dc1500038e504a8d78b986630e3626dc027bc030ba5c75da257cdb96"
  name = "gopkg.in/yaml.v2"
  packages = ["."]
  pruneopts = "UT"
  revision = "51d6538a90f86fe93ac480b35f37b2be17fef232"
  version = "v2.2.2"

[solve-meta]
  analyzer-name = "dep"
  analyzer-version = 1
  input-imports = [
    "github.com/go-sql-driver/mysql",
    "github.com/golang-collections/collections/set",
    "github.com/golang-collections/collections/stack",
    "gopkg.in/karalabe/cookiejar.v1/collections/deque",
    "gopkg.in/yaml.v2",
  ]
  solver-name = "gps-cdcl"
  solver-version = 1
